
Microsoft Visual Studio Solution File, Format Version 12.00
# Visual Studio Version 17
VisualStudioVersion = 17.7.34031.279
MinimumVisualStudioVersion = 10.0.40219.1
Project("{FAE04EC0-301F-11D3-BF4B-00C04F79EFBC}") = "Practice_Classes_JuanHernandez", "Practice_Classes_JuanHernandez.csproj", "{F0AF543F-4550-465E-8E4D-C9D80A96C449}"
EndProject
Global
	GlobalSection(SolutionConfigurationPlatforms) = preSolution
		Debug|Any CPU = Debug|Any CPU
		Release|Any CPU = Release|Any CPU
	EndGlobalSection
	GlobalSection(ProjectConfigurationPlatforms) = postSolution
		{F0AF543F-4550-465E-8E4D-C9D80A96C449}.Debug|Any CPU.ActiveCfg = Debug|Any CPU
		{F0AF543F-4550-465E-8E4D-C9D80A96C449}.Debug|Any CPU.Build.0 = Debug|Any CPU
		{F0AF543F-4550-465E-8E4D-C9D80A96C449}.Release|Any CPU.ActiveCfg = Release|Any CPU
		{F0AF543F-4550-465E-8E4D-C9D80A96C449}.Release|Any CPU.Build.0 = Release|Any CPU
	EndGlobalSection
	GlobalSection(SolutionProperties) = preSolution
		HideSolutionNode = FALSE
	EndGlobalSection
	GlobalSection(ExtensibilityGlobals) = postSolution
		SolutionGuid = {631505CD-A005-427D-BCC5-282D8F7A6720}
	EndGlobalSection
EndGlobal
